// !$*UTF8*$!
{
	archiveVersion = 1;
	classes = {
	};
	objectVersion = 46;
	objects = {

/* Begin PBXBuildFile section */
		4B4E97E21BED43EA003A672A /* AppDelegate.swift in Sources */ = {isa = PBXBuildFile; fileRef = 4B4E97E11BED43EA003A672A /* AppDelegate.swift */; };
		4B4E97E41BED43EA003A672A /* ViewController.swift in Sources */ = {isa = PBXBuildFile; fileRef = 4B4E97E31BED43EA003A672A /* ViewController.swift */; };
		4B4E97E71BED43EA003A672A /* Main.storyboard in Resources */ = {isa = PBXBuildFile; fileRef = 4B4E97E51BED43EA003A672A /* Main.storyboard */; };
		4B4E97E91BED43EA003A672A /* Assets.xcassets in Resources */ = {isa = PBXBuildFile; fileRef = 4B4E97E81BED43EA003A672A /* Assets.xcassets */; };
		4B4E97EC1BED43EA003A672A /* LaunchScreen.storyboard in Resources */ = {isa = PBXBuildFile; fileRef = 4B4E97EA1BED43EA003A672A /* LaunchScreen.storyboard */; };
		4BD7CD4C1BEE338C00841095 /* MainViewController.swift in Sources */ = {isa = PBXBuildFile; fileRef = 4BD7CD4B1BEE338C00841095 /* MainViewController.swift */; };
		5696799ED674E32FAB04A163 /* Pods_halffull.framework in Frameworks */ = {isa = PBXBuildFile; fileRef = 1A8F64E407397CD5F798056F /* Pods_halffull.framework */; };
		65D0ADC81BED593C00AA8ED3 /* UIImage.swift in Sources */ = {isa = PBXBuildFile; fileRef = 65D0ADC71BED593C00AA8ED3 /* UIImage.swift */; };
/* End PBXBuildFile section */

/* Begin PBXContainerItemProxy section */
		4B4E97F31BED43EA003A672A /* PBXContainerItemProxy */ = {
			isa = PBXContainerItemProxy;
			containerPortal = 4B4E97D61BED43EA003A672A /* Project object */;
			proxyType = 1;
			remoteGlobalIDString = 4B4E97DD1BED43EA003A672A;
			remoteInfo = prototype;
		};
		4B4E97FE1BED43EA003A672A /* PBXContainerItemProxy */ = {
			isa = PBXContainerItemProxy;
			containerPortal = 4B4E97D61BED43EA003A672A /* Project object */;
			proxyType = 1;
			remoteGlobalIDString = 4B4E97DD1BED43EA003A672A;
			remoteInfo = prototype;
		};
/* End PBXContainerItemProxy section */

/* Begin PBXFileReference section */
		1A8F64E407397CD5F798056F /* Pods_halffull.framework */ = {isa = PBXFileReference; explicitFileType = wrapper.framework; includeInIndex = 0; path = Pods_halffull.framework; sourceTree = BUILT_PRODUCTS_DIR; };
		4B4E97DE1BED43EA003A672A /* halffull.app */ = {isa = PBXFileReference; explicitFileType = wrapper.application; includeInIndex = 0; path = halffull.app; sourceTree = BUILT_PRODUCTS_DIR; };
		4B4E97E11BED43EA003A672A /* AppDelegate.swift */ = {isa = PBXFileReference; lastKnownFileType = sourcecode.swift; path = AppDelegate.swift; sourceTree = "<group>"; };
		4B4E97E31BED43EA003A672A /* ViewController.swift */ = {isa = PBXFileReference; lastKnownFileType = sourcecode.swift; path = ViewController.swift; sourceTree = "<group>"; };
		4B4E97E61BED43EA003A672A /* Base */ = {isa = PBXFileReference; lastKnownFileType = file.storyboard; name = Base; path = Base.lproj/Main.storyboard; sourceTree = "<group>"; };
		4B4E97E81BED43EA003A672A /* Assets.xcassets */ = {isa = PBXFileReference; lastKnownFileType = folder.assetcatalog; path = Assets.xcassets; sourceTree = "<group>"; };
		4B4E97EB1BED43EA003A672A /* Base */ = {isa = PBXFileReference; lastKnownFileType = file.storyboard; name = Base; path = Base.lproj/LaunchScreen.storyboard; sourceTree = "<group>"; };
		4B4E97ED1BED43EA003A672A /* Info.plist */ = {isa = PBXFileReference; lastKnownFileType = text.plist.xml; path = Info.plist; sourceTree = "<group>"; };
		4B4E97F21BED43EA003A672A /* halffull.xctest */ = {isa = PBXFileReference; explicitFileType = wrapper.cfbundle; includeInIndex = 0; path = halffull.xctest; sourceTree = BUILT_PRODUCTS_DIR; };
		4B4E97FD1BED43EA003A672A /* halffull.xctest */ = {isa = PBXFileReference; explicitFileType = wrapper.cfbundle; includeInIndex = 0; path = halffull.xctest; sourceTree = BUILT_PRODUCTS_DIR; };
		4BD7CD4B1BEE338C00841095 /* MainViewController.swift */ = {isa = PBXFileReference; fileEncoding = 4; lastKnownFileType = sourcecode.swift; path = MainViewController.swift; sourceTree = "<group>"; };
		65D0ADC71BED593C00AA8ED3 /* UIImage.swift */ = {isa = PBXFileReference; fileEncoding = 4; lastKnownFileType = sourcecode.swift; path = UIImage.swift; sourceTree = "<group>"; };
		7C3E1EA96F16248361E7AC69 /* Pods.framework */ = {isa = PBXFileReference; explicitFileType = wrapper.framework; includeInIndex = 0; path = Pods.framework; sourceTree = BUILT_PRODUCTS_DIR; };
		C0D8F712054201306B28BB60 /* Pods-halffull.release.xcconfig */ = {isa = PBXFileReference; includeInIndex = 1; lastKnownFileType = text.xcconfig; name = "Pods-halffull.release.xcconfig"; path = "Pods/Target Support Files/Pods-halffull/Pods-halffull.release.xcconfig"; sourceTree = "<group>"; };
		D6815B9D7EEFA2357ABA67E1 /* Pods-halffull.debug.xcconfig */ = {isa = PBXFileReference; includeInIndex = 1; lastKnownFileType = text.xcconfig; name = "Pods-halffull.debug.xcconfig"; path = "Pods/Target Support Files/Pods-halffull/Pods-halffull.debug.xcconfig"; sourceTree = "<group>"; };
/* End PBXFileReference section */

/* Begin PBXFrameworksBuildPhase section */
		4B4E97DB1BED43EA003A672A /* Frameworks */ = {
			isa = PBXFrameworksBuildPhase;
			buildActionMask = 2147483647;
			files = (
				5696799ED674E32FAB04A163 /* Pods_halffull.framework in Frameworks */,
			);
			runOnlyForDeploymentPostprocessing = 0;
		};
		4B4E97EF1BED43EA003A672A /* Frameworks */ = {
			isa = PBXFrameworksBuildPhase;
			buildActionMask = 2147483647;
			files = (
			);
			runOnlyForDeploymentPostprocessing = 0;
		};
		4B4E97FA1BED43EA003A672A /* Frameworks */ = {
			isa = PBXFrameworksBuildPhase;
			buildActionMask = 2147483647;
			files = (
			);
			runOnlyForDeploymentPostprocessing = 0;
		};
/* End PBXFrameworksBuildPhase section */

/* Begin PBXGroup section */
		0DBBBFC59D27D11C66D73EE5 /* Pods */ = {
			isa = PBXGroup;
			children = (
				D6815B9D7EEFA2357ABA67E1 /* Pods-halffull.debug.xcconfig */,
				C0D8F712054201306B28BB60 /* Pods-halffull.release.xcconfig */,
			);
			name = Pods;
			sourceTree = "<group>";
		};
		4B4E97D51BED43EA003A672A = {
			isa = PBXGroup;
			children = (
				4B4E97E01BED43EA003A672A /* prototype */,
				4B4E97DF1BED43EA003A672A /* Products */,
				E6B21E27A551A877A98726BF /* Frameworks */,
				0DBBBFC59D27D11C66D73EE5 /* Pods */,
			);
			sourceTree = "<group>";
		};
		4B4E97DF1BED43EA003A672A /* Products */ = {
			isa = PBXGroup;
			children = (
				4B4E97DE1BED43EA003A672A /* halffull.app */,
				4B4E97F21BED43EA003A672A /* halffull.xctest */,
				4B4E97FD1BED43EA003A672A /* halffull.xctest */,
			);
			name = Products;
			sourceTree = "<group>";
		};
		4B4E97E01BED43EA003A672A /* prototype */ = {
			isa = PBXGroup;
			children = (
				4B4E97E11BED43EA003A672A /* AppDelegate.swift */,
				4B4E97E31BED43EA003A672A /* ViewController.swift */,
				4BD7CD4B1BEE338C00841095 /* MainViewController.swift */,
				65D0ADC71BED593C00AA8ED3 /* UIImage.swift */,
				4B4E97E51BED43EA003A672A /* Main.storyboard */,
				4B4E97E81BED43EA003A672A /* Assets.xcassets */,
				4B4E97EA1BED43EA003A672A /* LaunchScreen.storyboard */,
				4B4E97ED1BED43EA003A672A /* Info.plist */,
			);
			path = prototype;
			sourceTree = "<group>";
		};
		E6B21E27A551A877A98726BF /* Frameworks */ = {
			isa = PBXGroup;
			children = (
				7C3E1EA96F16248361E7AC69 /* Pods.framework */,
				1A8F64E407397CD5F798056F /* Pods_halffull.framework */,
			);
			name = Frameworks;
			sourceTree = "<group>";
		};
/* End PBXGroup section */

/* Begin PBXNativeTarget section */
		4B4E97DD1BED43EA003A672A /* halffull */ = {
			isa = PBXNativeTarget;
			buildConfigurationList = 4B4E98061BED43EA003A672A /* Build configuration list for PBXNativeTarget "halffull" */;
			buildPhases = (
				B672D1B748718404B2CCBBE6 /* [CP] Check Pods Manifest.lock */,
				4B4E97DA1BED43EA003A672A /* Sources */,
				4B4E97DB1BED43EA003A672A /* Frameworks */,
				4B4E97DC1BED43EA003A672A /* Resources */,
				2DD8575E55DB21A130AA3157 /* [CP] Embed Pods Frameworks */,
				C9D176A218DE98B44FDD2F17 /* [CP] Copy Pods Resources */,
			);
			buildRules = (
			);
			dependencies = (
			);
			name = halffull;
			productName = prototype;
			productReference = 4B4E97DE1BED43EA003A672A /* halffull.app */;
			productType = "com.apple.product-type.application";
		};
		4B4E97F11BED43EA003A672A /* halffullTests */ = {
			isa = PBXNativeTarget;
			buildConfigurationList = 4B4E98091BED43EA003A672A /* Build configuration list for PBXNativeTarget "halffullTests" */;
			buildPhases = (
				4B4E97EE1BED43EA003A672A /* Sources */,
				4B4E97EF1BED43EA003A672A /* Frameworks */,
				4B4E97F01BED43EA003A672A /* Resources */,
			);
			buildRules = (
			);
			dependencies = (
				4B4E97F41BED43EA003A672A /* PBXTargetDependency */,
			);
			name = halffullTests;
			productName = prototypeTests;
			productReference = 4B4E97F21BED43EA003A672A /* halffull.xctest */;
			productType = "com.apple.product-type.bundle.unit-test";
		};
		4B4E97FC1BED43EA003A672A /* halffullUITests */ = {
			isa = PBXNativeTarget;
			buildConfigurationList = 4B4E980C1BED43EA003A672A /* Build configuration list for PBXNativeTarget "halffullUITests" */;
			buildPhases = (
				4B4E97F91BED43EA003A672A /* Sources */,
				4B4E97FA1BED43EA003A672A /* Frameworks */,
				4B4E97FB1BED43EA003A672A /* Resources */,
			);
			buildRules = (
			);
			dependencies = (
				4B4E97FF1BED43EA003A672A /* PBXTargetDependency */,
			);
			name = halffullUITests;
			productName = prototypeUITests;
			productReference = 4B4E97FD1BED43EA003A672A /* halffull.xctest */;
			productType = "com.apple.product-type.bundle.ui-testing";
		};
/* End PBXNativeTarget section */

/* Begin PBXProject section */
		4B4E97D61BED43EA003A672A /* Project object */ = {
			isa = PBXProject;
			attributes = {
				LastSwiftUpdateCheck = 0710;
				LastUpgradeCheck = 0800;
				ORGANIZATIONNAME = halffull;
				TargetAttributes = {
					4B4E97DD1BED43EA003A672A = {
						CreatedOnToolsVersion = 7.1;
						DevelopmentTeam = 3JMWW3SW7U;
						LastSwiftMigration = 0800;
					};
					4B4E97F11BED43EA003A672A = {
						CreatedOnToolsVersion = 7.1;
						DevelopmentTeam = A9F7R426YP;
						TestTargetID = 4B4E97DD1BED43EA003A672A;
					};
					4B4E97FC1BED43EA003A672A = {
						CreatedOnToolsVersion = 7.1;
						DevelopmentTeam = A9F7R426YP;
						TestTargetID = 4B4E97DD1BED43EA003A672A;
					};
				};
			};
			buildConfigurationList = 4B4E97D91BED43EA003A672A /* Build configuration list for PBXProject "halffull" */;
			compatibilityVersion = "Xcode 3.2";
			developmentRegion = English;
			hasScannedForEncodings = 0;
			knownRegions = (
				en,
				Base,
			);
			mainGroup = 4B4E97D51BED43EA003A672A;
			productRefGroup = 4B4E97DF1BED43EA003A672A /* Products */;
			projectDirPath = "";
			projectRoot = "";
			targets = (
				4B4E97DD1BED43EA003A672A /* halffull */,
				4B4E97F11BED43EA003A672A /* halffullTests */,
				4B4E97FC1BED43EA003A672A /* halffullUITests */,
			);
		};
/* End PBXProject section */

/* Begin PBXResourcesBuildPhase section */
		4B4E97DC1BED43EA003A672A /* Resources */ = {
			isa = PBXResourcesBuildPhase;
			buildActionMask = 2147483647;
			files = (
				4B4E97EC1BED43EA003A672A /* LaunchScreen.storyboard in Resources */,
				4B4E97E91BED43EA003A672A /* Assets.xcassets in Resources */,
				4B4E97E71BED43EA003A672A /* Main.storyboard in Resources */,
			);
			runOnlyForDeploymentPostprocessing = 0;
		};
		4B4E97F01BED43EA003A672A /* Resources */ = {
			isa = PBXResourcesBuildPhase;
			buildActionMask = 2147483647;
			files = (
			);
			runOnlyForDeploymentPostprocessing = 0;
		};
		4B4E97FB1BED43EA003A672A /* Resources */ = {
			isa = PBXResourcesBuildPhase;
			buildActionMask = 2147483647;
			files = (
			);
			runOnlyForDeploymentPostprocessing = 0;
		};
/* End PBXResourcesBuildPhase section */

/* Begin PBXShellScriptBuildPhase section */
		2DD8575E55DB21A130AA3157 /* [CP] Embed Pods Frameworks */ = {
			isa = PBXShellScriptBuildPhase;
			buildActionMask = 2147483647;
			files = (
			);
			inputPaths = (
				"${SRCROOT}/Pods/Target Support Files/Pods-halffull/Pods-halffull-frameworks.sh",
				"${BUILT_PRODUCTS_DIR}/CameraManager/CameraManager.framework",
			);
			name = "[CP] Embed Pods Frameworks";
			outputPaths = (
				"${TARGET_BUILD_DIR}/${FRAMEWORKS_FOLDER_PATH}/CameraManager.framework",
			);
			runOnlyForDeploymentPostprocessing = 0;
			shellPath = /bin/sh;
			shellScript = "\"${SRCROOT}/Pods/Target Support Files/Pods-halffull/Pods-halffull-frameworks.sh\"\n";
			showEnvVarsInLog = 0;
		};
		B672D1B748718404B2CCBBE6 /* [CP] Check Pods Manifest.lock */ = {
			isa = PBXShellScriptBuildPhase;
			buildActionMask = 2147483647;
			files = (
			);
			inputPaths = (
				"${PODS_PODFILE_DIR_PATH}/Podfile.lock",
				"${PODS_ROOT}/Manifest.lock",
			);
			name = "[CP] Check Pods Manifest.lock";
			outputPaths = (
				"$(DERIVED_FILE_DIR)/Pods-halffull-checkManifestLockResult.txt",
			);
			runOnlyForDeploymentPostprocessing = 0;
			shellPath = /bin/sh;
			shellScript = "diff \"${PODS_PODFILE_DIR_PATH}/Podfile.lock\" \"${PODS_ROOT}/Manifest.lock\" > /dev/null\nif [ $? != 0 ] ; then\n    # print error to STDERR\n    echo \"error: The sandbox is not in sync with the Podfile.lock. Run 'pod install' or update your CocoaPods installation.\" >&2\n    exit 1\nfi\n# This output is used by Xcode 'outputs' to avoid re-running this script phase.\necho \"SUCCESS\" > \"${SCRIPT_OUTPUT_FILE_0}\"\n";
			showEnvVarsInLog = 0;
		};
		C9D176A218DE98B44FDD2F17 /* [CP] Copy Pods Resources */ = {
			isa = PBXShellScriptBuildPhase;
			buildActionMask = 2147483647;
			files = (
			);
			inputPaths = (
			);
			name = "[CP] Copy Pods Resources";
			outputPaths = (
			);
			runOnlyForDeploymentPostprocessing = 0;
			shellPath = /bin/sh;
			shellScript = "\"${SRCROOT}/Pods/Target Support Files/Pods-halffull/Pods-halffull-resources.sh\"\n";
			showEnvVarsInLog = 0;
		};
/* End PBXShellScriptBuildPhase section */

/* Begin PBXSourcesBuildPhase section */
		4B4E97DA1BED43EA003A672A /* Sources */ = {
			isa = PBXSourcesBuildPhase;
			buildActionMask = 2147483647;
			files = (
				65D0ADC81BED593C00AA8ED3 /* UIImage.swift in Sources */,
				4B4E97E41BED43EA003A672A /* ViewController.swift in Sources */,
				4B4E97E21BED43EA003A672A /* AppDelegate.swift in Sources */,
				4BD7CD4C1BEE338C00841095 /* MainViewController.swift in Sources */,
			);
			runOnlyForDeploymentPostprocessing = 0;
		};
		4B4E97EE1BED43EA003A672A /* Sources */ = {
			isa = PBXSourcesBuildPhase;
			buildActionMask = 2147483647;
			files = (
			);
			runOnlyForDeploymentPostprocessing = 0;
		};
		4B4E97F91BED43EA003A672A /* Sources */ = {
			isa = PBXSourcesBuildPhase;
			buildActionMask = 2147483647;
			files = (
			);
			runOnlyForDeploymentPostprocessing = 0;
		};
/* End PBXSourcesBuildPhase section */

/* Begin PBXTargetDependency section */
		4B4E97F41BED43EA003A672A /* PBXTargetDependency */ = {
			isa = PBXTargetDependency;
			target = 4B4E97DD1BED43EA003A672A /* halffull */;
			targetProxy = 4B4E97F31BED43EA003A672A /* PBXContainerItemProxy */;
		};
		4B4E97FF1BED43EA003A672A /* PBXTargetDependency */ = {
			isa = PBXTargetDependency;
			target = 4B4E97DD1BED43EA003A672A /* halffull */;
			targetProxy = 4B4E97FE1BED43EA003A672A /* PBXContainerItemProxy */;
		};
/* End PBXTargetDependency section */

/* Begin PBXVariantGroup section */
		4B4E97E51BED43EA003A672A /* Main.storyboard */ = {
			isa = PBXVariantGroup;
			children = (
				4B4E97E61BED43EA003A672A /* Base */,
			);
			name = Main.storyboard;
			sourceTree = "<group>";
		};
		4B4E97EA1BED43EA003A672A /* LaunchScreen.storyboard */ = {
			isa = PBXVariantGroup;
			children = (
				4B4E97EB1BED43EA003A672A /* Base */,
			);
			name = LaunchScreen.storyboard;
			sourceTree = "<group>";
		};
/* End PBXVariantGroup section */

/* Begin XCBuildConfiguration section */
		4B4E98041BED43EA003A672A /* Debug */ = {
			isa = XCBuildConfiguration;
			buildSettings = {
				ALWAYS_SEARCH_USER_PATHS = NO;
				CLANG_CXX_LANGUAGE_STANDARD = "gnu++0x";
				CLANG_CXX_LIBRARY = "libc++";
				CLANG_ENABLE_MODULES = YES;
				CLANG_ENABLE_OBJC_ARC = YES;
				CLANG_WARN_BOOL_CONVERSION = YES;
				CLANG_WARN_CONSTANT_CONVERSION = YES;
				CLANG_WARN_DIRECT_OBJC_ISA_USAGE = YES_ERROR;
				CLANG_WARN_EMPTY_BODY = YES;
				CLANG_WARN_ENUM_CONVERSION = YES;
				CLANG_WARN_INFINITE_RECURSION = YES;
				CLANG_WARN_INT_CONVERSION = YES;
				CLANG_WARN_OBJC_ROOT_CLASS = YES_ERROR;
				CLANG_WARN_SUSPICIOUS_MOVE = YES;
				CLANG_WARN_UNREACHABLE_CODE = YES;
				CLANG_WARN__DUPLICATE_METHOD_MATCH = YES;
				"CODE_SIGN_IDENTITY[sdk=iphoneos*]" = "iPhone Developer";
				COPY_PHASE_STRIP = NO;
				DEBUG_INFORMATION_FORMAT = dwarf;
				ENABLE_STRICT_OBJC_MSGSEND = YES;
				ENABLE_TESTABILITY = YES;
				GCC_C_LANGUAGE_STANDARD = gnu99;
				GCC_DYNAMIC_NO_PIC = NO;
				GCC_NO_COMMON_BLOCKS = YES;
				GCC_OPTIMIZATION_LEVEL = 0;
				GCC_PREPROCESSOR_DEFINITIONS = (
					"DEBUG=1",
					"$(inherited)",
				);
				GCC_WARN_64_TO_32_BIT_CONVERSION = YES;
				GCC_WARN_ABOUT_RETURN_TYPE = YES_ERROR;
				GCC_WARN_UNDECLARED_SELECTOR = YES;
				GCC_WARN_UNINITIALIZED_AUTOS = YES_AGGRESSIVE;
				GCC_WARN_UNUSED_FUNCTION = YES;
				GCC_WARN_UNUSED_VARIABLE = YES;
				IPHONEOS_DEPLOYMENT_TARGET = 10.0;
				MTL_ENABLE_DEBUG_INFO = YES;
				ONLY_ACTIVE_ARCH = YES;
				SDKROOT = iphoneos;
				SWIFT_OPTIMIZATION_LEVEL = "-Onone";
			};
			name = Debug;
		};
		4B4E98051BED43EA003A672A /* Release */ = {
			isa = XCBuildConfiguration;
			buildSettings = {
				ALWAYS_SEARCH_USER_PATHS = NO;
				CLANG_CXX_LANGUAGE_STANDARD = "gnu++0x";
				CLANG_CXX_LIBRARY = "libc++";
				CLANG_ENABLE_MODULES = YES;
				CLANG_ENABLE_OBJC_ARC = YES;
				CLANG_WARN_BOOL_CONVERSION = YES;
				CLANG_WARN_CONSTANT_CONVERSION = YES;
				CLANG_WARN_DIRECT_OBJC_ISA_USAGE = YES_ERROR;
				CLANG_WARN_EMPTY_BODY = YES;
				CLANG_WARN_ENUM_CONVERSION = YES;
				CLANG_WARN_INFINITE_RECURSION = YES;
				CLANG_WARN_INT_CONVERSION = YES;
				CLANG_WARN_OBJC_ROOT_CLASS = YES_ERROR;
				CLANG_WARN_SUSPICIOUS_MOVE = YES;
				CLANG_WARN_UNREACHABLE_CODE = YES;
				CLANG_WARN__DUPLICATE_METHOD_MATCH = YES;
				"CODE_SIGN_IDENTITY[sdk=iphoneos*]" = "iPhone Developer";
				COPY_PHASE_STRIP = NO;
				DEBUG_INFORMATION_FORMAT = "dwarf-with-dsym";
				ENABLE_NS_ASSERTIONS = NO;
				ENABLE_STRICT_OBJC_MSGSEND = YES;
				GCC_C_LANGUAGE_STANDARD = gnu99;
				GCC_NO_COMMON_BLOCKS = YES;
				GCC_WARN_64_TO_32_BIT_CONVERSION = YES;
				GCC_WARN_ABOUT_RETURN_TYPE = YES_ERROR;
				GCC_WARN_UNDECLARED_SELECTOR = YES;
				GCC_WARN_UNINITIALIZED_AUTOS = YES_AGGRESSIVE;
				GCC_WARN_UNUSED_FUNCTION = YES;
				GCC_WARN_UNUSED_VARIABLE = YES;
				IPHONEOS_DEPLOYMENT_TARGET = 10.0;
				MTL_ENABLE_DEBUG_INFO = NO;
				SDKROOT = iphoneos;
				SWIFT_OPTIMIZATION_LEVEL = "-Owholemodule";
				VALIDATE_PRODUCT = YES;
			};
			name = Release;
		};
		4B4E98071BED43EA003A672A /* Debug */ = {
			isa = XCBuildConfiguration;
			baseConfigurationReference = D6815B9D7EEFA2357ABA67E1 /* Pods-halffull.debug.xcconfig */;
			buildSettings = {
				ALWAYS_EMBED_SWIFT_STANDARD_LIBRARIES = YES;
				ASSETCATALOG_COMPILER_APPICON_NAME = AppIcon;
				CODE_SIGN_IDENTITY = "iPhone Developer";
				"CODE_SIGN_IDENTITY[sdk=iphoneos*]" = "iPhone Developer";
				INFOPLIST_FILE = prototype/Info.plist;
				IPHONEOS_DEPLOYMENT_TARGET = 8.0;
				LD_RUNPATH_SEARCH_PATHS = "$(inherited) @executable_path/Frameworks";
				PRODUCT_BUNDLE_IDENTIFIER = xyz.dnlggr.halfful;
				PRODUCT_NAME = halffull;
				PROVISIONING_PROFILE = "";
				SWIFT_VERSION = 3.0;
			};
			name = Debug;
		};
		4B4E98081BED43EA003A672A /* Release */ = {
			isa = XCBuildConfiguration;
			baseConfigurationReference = C0D8F712054201306B28BB60 /* Pods-halffull.release.xcconfig */;
			buildSettings = {
				ALWAYS_EMBED_SWIFT_STANDARD_LIBRARIES = YES;
				ASSETCATALOG_COMPILER_APPICON_NAME = AppIcon;
				CODE_SIGN_IDENTITY = "iPhone Developer";
				"CODE_SIGN_IDENTITY[sdk=iphoneos*]" = "iPhone Developer";
				INFOPLIST_FILE = prototype/Info.plist;
				IPHONEOS_DEPLOYMENT_TARGET = 8.0;
				LD_RUNPATH_SEARCH_PATHS = "$(inherited) @executable_path/Frameworks";
				PRODUCT_BUNDLE_IDENTIFIER = xyz.dnlggr.halfful;
				PRODUCT_NAME = halffull;
				PROVISIONING_PROFILE = "";
				SWIFT_VERSION = 3.0;
			};
			name = Release;
		};
		4B4E980A1BED43EA003A672A /* Debug */ = {
			isa = XCBuildConfiguration;
			buildSettings = {
				BUNDLE_LOADER = "$(TEST_HOST)";
				INFOPLIST_FILE = prototypeTests/Info.plist;
				LD_RUNPATH_SEARCH_PATHS = "$(inherited) @executable_path/Frameworks @loader_path/Frameworks";
				PRODUCT_BUNDLE_IDENTIFIER = self.halffull.prototypeTests;
				PRODUCT_NAME = halffull;
				TEST_HOST = "$(BUILT_PRODUCTS_DIR)/halffull.app/halffull";
			};
			name = Debug;
		};
		4B4E980B1BED43EA003A672A /* Release */ = {
			isa = XCBuildConfiguration;
			buildSettings = {
				BUNDLE_LOADER = "$(TEST_HOST)";
				INFOPLIST_FILE = prototypeTests/Info.plist;
				LD_RUNPATH_SEARCH_PATHS = "$(inherited) @executable_path/Frameworks @loader_path/Frameworks";
				PRODUCT_BUNDLE_IDENTIFIER = self.halffull.prototypeTests;
				PRODUCT_NAME = halffull;
				TEST_HOST = "$(BUILT_PRODUCTS_DIR)/halffull.app/halffull";
			};
			name = Release;
		};
		4B4E980D1BED43EA003A672A /* Debug */ = {
			isa = XCBuildConfiguration;
			buildSettings = {
				INFOPLIST_FILE = prototypeUITests/Info.plist;
				LD_RUNPATH_SEARCH_PATHS = "$(inherited) @executable_path/Frameworks @loader_path/Frameworks";
				PRODUCT_BUNDLE_IDENTIFIER = self.halffull.prototypeUITests;
				PRODUCT_NAME = halffull;
				TEST_TARGET_NAME = prototype;
				USES_XCTRUNNER = YES;
			};
			name = Debug;
		};
		4B4E980E1BED43EA003A672A /* Release */ = {
			isa = XCBuildConfiguration;
			buildSettings = {
				INFOPLIST_FILE = prototypeUITests/Info.plist;
				LD_RUNPATH_SEARCH_PATHS = "$(inherited) @executable_path/Frameworks @loader_path/Frameworks";
				PRODUCT_BUNDLE_IDENTIFIER = self.halffull.prototypeUITests;
				PRODUCT_NAME = halffull;
				TEST_TARGET_NAME = prototype;
				USES_XCTRUNNER = YES;
			};
			name = Release;
		};
/* End XCBuildConfiguration section */

/* Begin XCConfigurationList section */
		4B4E97D91BED43EA003A672A /* Build configuration list for PBXProject "halffull" */ = {
			isa = XCConfigurationList;
			buildConfigurations = (
				4B4E98041BED43EA003A672A /* Debug */,
				4B4E98051BED43EA003A672A /* Release */,
			);
			defaultConfigurationIsVisible = 0;
			defaultConfigurationName = Release;
		};
		4B4E98061BED43EA003A672A /* Build configuration list for PBXNativeTarget "halffull" */ = {
			isa = XCConfigurationList;
			buildConfigurations = (
				4B4E98071BED43EA003A672A /* Debug */,
				4B4E98081BED43EA003A672A /* Release */,
			);
			defaultConfigurationIsVisible = 0;
			defaultConfigurationName = Release;
		};
		4B4E98091BED43EA003A672A /* Build configuration list for PBXNativeTarget "halffullTests" */ = {
			isa = XCConfigurationList;
			buildConfigurations = (
				4B4E980A1BED43EA003A672A /* Debug */,
				4B4E980B1BED43EA003A672A /* Release */,
			);
			defaultConfigurationIsVisible = 0;
			defaultConfigurationName = Release;
		};
		4B4E980C1BED43EA003A672A /* Build configuration list for PBXNativeTarget "halffullUITests" */ = {
			isa = XCConfigurationList;
			buildConfigurations = (
				4B4E980D1BED43EA003A672A /* Debug */,
				4B4E980E1BED43EA003A672A /* Release */,
			);
			defaultConfigurationIsVisible = 0;
			defaultConfigurationName = Release;
		};
/* End XCConfigurationList section */
	};
	rootObject = 4B4E97D61BED43EA003A672A /* Project object */;
}
